
Microsoft Visual Studio Solution File, Format Version 12.00
# Visual Studio Version 17
VisualStudioVersion = 17.14.36212.18
MinimumVisualStudioVersion = 10.0.40219.1
Project("{FAE04EC0-301F-11D3-BF4B-00C04F79EFBC}") = "Demo_C44_G01_C#04", "Demo_C44_G01_C#04\Demo_C44_G01_C#04.csproj", "{40EE2FFD-949C-483D-82D3-758DF2D99E18}"
EndProject
Project("{FAE04EC0-301F-11D3-BF4B-00C04F79EFBC}") = "Assignment C44 _ G01 _ C#04", "Assignment C44 _ G01 _ C#04\Assignment C44 _ G01 _ C#04.csproj", "{0B6D1C57-0415-43BA-A756-FBD8E671A8EA}"
EndProject
Global
	GlobalSection(SolutionConfigurationPlatforms) = preSolution
		Debug|Any CPU = Debug|Any CPU
		Release|Any CPU = Release|Any CPU
	EndGlobalSection
	GlobalSection(ProjectConfigurationPlatforms) = postSolution
		{40EE2FFD-949C-483D-82D3-758DF2D99E18}.Debug|Any CPU.ActiveCfg = Debug|Any CPU
		{40EE2FFD-949C-483D-82D3-758DF2D99E18}.Debug|Any CPU.Build.0 = Debug|Any CPU
		{40EE2FFD-949C-483D-82D3-758DF2D99E18}.Release|Any CPU.ActiveCfg = Release|Any CPU
		{40EE2FFD-949C-483D-82D3-758DF2D99E18}.Release|Any CPU.Build.0 = Release|Any CPU
		{0B6D1C57-0415-43BA-A756-FBD8E671A8EA}.Debug|Any CPU.ActiveCfg = Debug|Any CPU
		{0B6D1C57-0415-43BA-A756-FBD8E671A8EA}.Debug|Any CPU.Build.0 = Debug|Any CPU
		{0B6D1C57-0415-43BA-A756-FBD8E671A8EA}.Release|Any CPU.ActiveCfg = Release|Any CPU
		{0B6D1C57-0415-43BA-A756-FBD8E671A8EA}.Release|Any CPU.Build.0 = Release|Any CPU
	EndGlobalSection
	GlobalSection(SolutionProperties) = preSolution
		HideSolutionNode = FALSE
	EndGlobalSection
	GlobalSection(ExtensibilityGlobals) = postSolution
		SolutionGuid = {D9D0E3B5-66C7-4860-BB88-27A224E245A4}
	EndGlobalSection
EndGlobal
